
Microsoft Visual Studio Solution File, Format Version 12.00
# Visual Studio 2012
Project("{FAE04EC0-301F-11D3-BF4B-00C04F79EFBC}") = "PatternSpider", "PatternSpider\PatternSpider.csproj", "{3B239429-F0A0-4D78-B122-6BB9F39CA7D9}"
EndProject
Project("{FAE04EC0-301F-11D3-BF4B-00C04F79EFBC}") = "ConsoleEchoPlugin", "ConsoleEchoPlugin\ConsoleEchoPlugin.csproj", "{25257B55-2F6A-4889-A1A5-3288B9BD171B}"
EndProject
Global
	GlobalSection(SolutionConfigurationPlatforms) = preSolution
		Debug|Any CPU = Debug|Any CPU
		Release|Any CPU = Release|Any CPU
	EndGlobalSection
	GlobalSection(ProjectConfigurationPlatforms) = postSolution
		{3B239429-F0A0-4D78-B122-6BB9F39CA7D9}.Debug|Any CPU.ActiveCfg = Debug|Any CPU
		{3B239429-F0A0-4D78-B122-6BB9F39CA7D9}.Debug|Any CPU.Build.0 = Debug|Any CPU
		{3B239429-F0A0-4D78-B122-6BB9F39CA7D9}.Release|Any CPU.ActiveCfg = Release|Any CPU
		{3B239429-F0A0-4D78-B122-6BB9F39CA7D9}.Release|Any CPU.Build.0 = Release|Any CPU
		{25257B55-2F6A-4889-A1A5-3288B9BD171B}.Debug|Any CPU.ActiveCfg = Debug|Any CPU
		{25257B55-2F6A-4889-A1A5-3288B9BD171B}.Debug|Any CPU.Build.0 = Debug|Any CPU
		{25257B55-2F6A-4889-A1A5-3288B9BD171B}.Release|Any CPU.ActiveCfg = Release|Any CPU
		{25257B55-2F6A-4889-A1A5-3288B9BD171B}.Release|Any CPU.Build.0 = Release|Any CPU
	EndGlobalSection
	GlobalSection(SolutionProperties) = preSolution
		HideSolutionNode = FALSE
	EndGlobalSection
EndGlobal
