
Microsoft Visual Studio Solution File, Format Version 12.00
# Visual Studio 2012
Project("{FAE04EC0-301F-11D3-BF4B-00C04F79EFBC}") = "PatternSpider", "PatternSpider\PatternSpider.csproj", "{3B239429-F0A0-4D78-B122-6BB9F39CA7D9}"
EndProject
Project("{FAE04EC0-301F-11D3-BF4B-00C04F79EFBC}") = "Plugin-Note", "Plugin-Note\Plugin-Note.csproj", "{B3C6CAA6-0B6F-471B-BACC-98978A8CBCEA}"
EndProject
Project("{FAE04EC0-301F-11D3-BF4B-00C04F79EFBC}") = "Plugin-UrlTitle", "Plugin-UrlTitle\Plugin-UrlTitle.csproj", "{F446B057-99C5-4ABF-9E9D-3D2AF063E0A3}"
EndProject
Project("{FAE04EC0-301F-11D3-BF4B-00C04F79EFBC}") = "Plugin-Weather", "Plugin-Weather\Plugin-Weather.csproj", "{CAB9BC68-4B26-4546-8518-AA4B0DE041E4}"
EndProject
Project("{FAE04EC0-301F-11D3-BF4B-00C04F79EFBC}") = "Plugin-Sentience", "Plugin-Sentience\Plugin-Sentience.csproj", "{F84A3827-9432-4F70-87ED-2A40A433726D}"
EndProject
Project("{FAE04EC0-301F-11D3-BF4B-00C04F79EFBC}") = "Plugin-Ping", "Plugin-Ping\Plugin-Ping.csproj", "{2FA47F07-AF0C-489B-B0E8-4EAE6915B11A}"
EndProject
Project("{FAE04EC0-301F-11D3-BF4B-00C04F79EFBC}") = "Plugin-Replace", "Plugin-Replace\Plugin-Replace.csproj", "{91A35E88-FDE6-4427-A865-BE62CFB0CD21}"
EndProject
Project("{FAE04EC0-301F-11D3-BF4B-00C04F79EFBC}") = "Plugin-Exalted", "Plugin-Exalted\Plugin-Exalted.csproj", "{2C54590E-0FCF-4558-92DC-E255A74E7C74}"
EndProject
Project("{FAE04EC0-301F-11D3-BF4B-00C04F79EFBC}") = "Plugin-Fudge", "Plugin-Fudge\Plugin-Fudge.csproj", "{C5933379-DAFA-4B4B-B8D5-4F30A1994ACD}"
EndProject
Project("{FAE04EC0-301F-11D3-BF4B-00C04F79EFBC}") = "Plugin-Nwod", "Plugin-Nwod\Plugin-Nwod.csproj", "{BCF87DB1-D37B-43E7-A8EE-D506907FA3CE}"
EndProject
Global
	GlobalSection(SolutionConfigurationPlatforms) = preSolution
		Debug|Any CPU = Debug|Any CPU
		Release|Any CPU = Release|Any CPU
	EndGlobalSection
	GlobalSection(ProjectConfigurationPlatforms) = postSolution
		{3B239429-F0A0-4D78-B122-6BB9F39CA7D9}.Debug|Any CPU.ActiveCfg = Debug|Any CPU
		{3B239429-F0A0-4D78-B122-6BB9F39CA7D9}.Debug|Any CPU.Build.0 = Debug|Any CPU
		{3B239429-F0A0-4D78-B122-6BB9F39CA7D9}.Release|Any CPU.ActiveCfg = Release|Any CPU
		{3B239429-F0A0-4D78-B122-6BB9F39CA7D9}.Release|Any CPU.Build.0 = Release|Any CPU
		{B3C6CAA6-0B6F-471B-BACC-98978A8CBCEA}.Debug|Any CPU.ActiveCfg = Debug|Any CPU
		{B3C6CAA6-0B6F-471B-BACC-98978A8CBCEA}.Debug|Any CPU.Build.0 = Debug|Any CPU
		{B3C6CAA6-0B6F-471B-BACC-98978A8CBCEA}.Release|Any CPU.ActiveCfg = Release|Any CPU
		{B3C6CAA6-0B6F-471B-BACC-98978A8CBCEA}.Release|Any CPU.Build.0 = Release|Any CPU
		{F446B057-99C5-4ABF-9E9D-3D2AF063E0A3}.Debug|Any CPU.ActiveCfg = Debug|Any CPU
		{F446B057-99C5-4ABF-9E9D-3D2AF063E0A3}.Debug|Any CPU.Build.0 = Debug|Any CPU
		{F446B057-99C5-4ABF-9E9D-3D2AF063E0A3}.Release|Any CPU.ActiveCfg = Release|Any CPU
		{F446B057-99C5-4ABF-9E9D-3D2AF063E0A3}.Release|Any CPU.Build.0 = Release|Any CPU
		{CAB9BC68-4B26-4546-8518-AA4B0DE041E4}.Debug|Any CPU.ActiveCfg = Debug|Any CPU
		{CAB9BC68-4B26-4546-8518-AA4B0DE041E4}.Debug|Any CPU.Build.0 = Debug|Any CPU
		{CAB9BC68-4B26-4546-8518-AA4B0DE041E4}.Release|Any CPU.ActiveCfg = Release|Any CPU
		{CAB9BC68-4B26-4546-8518-AA4B0DE041E4}.Release|Any CPU.Build.0 = Release|Any CPU
		{F84A3827-9432-4F70-87ED-2A40A433726D}.Debug|Any CPU.ActiveCfg = Debug|Any CPU
		{F84A3827-9432-4F70-87ED-2A40A433726D}.Debug|Any CPU.Build.0 = Debug|Any CPU
		{F84A3827-9432-4F70-87ED-2A40A433726D}.Release|Any CPU.ActiveCfg = Release|Any CPU
		{F84A3827-9432-4F70-87ED-2A40A433726D}.Release|Any CPU.Build.0 = Release|Any CPU
		{2FA47F07-AF0C-489B-B0E8-4EAE6915B11A}.Debug|Any CPU.ActiveCfg = Debug|Any CPU
		{2FA47F07-AF0C-489B-B0E8-4EAE6915B11A}.Debug|Any CPU.Build.0 = Debug|Any CPU
		{2FA47F07-AF0C-489B-B0E8-4EAE6915B11A}.Release|Any CPU.ActiveCfg = Release|Any CPU
		{2FA47F07-AF0C-489B-B0E8-4EAE6915B11A}.Release|Any CPU.Build.0 = Release|Any CPU
		{91A35E88-FDE6-4427-A865-BE62CFB0CD21}.Debug|Any CPU.ActiveCfg = Debug|Any CPU
		{91A35E88-FDE6-4427-A865-BE62CFB0CD21}.Debug|Any CPU.Build.0 = Debug|Any CPU
		{91A35E88-FDE6-4427-A865-BE62CFB0CD21}.Release|Any CPU.ActiveCfg = Release|Any CPU
		{91A35E88-FDE6-4427-A865-BE62CFB0CD21}.Release|Any CPU.Build.0 = Release|Any CPU
		{2C54590E-0FCF-4558-92DC-E255A74E7C74}.Debug|Any CPU.ActiveCfg = Debug|Any CPU
		{2C54590E-0FCF-4558-92DC-E255A74E7C74}.Debug|Any CPU.Build.0 = Debug|Any CPU
		{2C54590E-0FCF-4558-92DC-E255A74E7C74}.Release|Any CPU.ActiveCfg = Release|Any CPU
		{2C54590E-0FCF-4558-92DC-E255A74E7C74}.Release|Any CPU.Build.0 = Release|Any CPU
		{C5933379-DAFA-4B4B-B8D5-4F30A1994ACD}.Debug|Any CPU.ActiveCfg = Debug|Any CPU
		{C5933379-DAFA-4B4B-B8D5-4F30A1994ACD}.Debug|Any CPU.Build.0 = Debug|Any CPU
		{C5933379-DAFA-4B4B-B8D5-4F30A1994ACD}.Release|Any CPU.ActiveCfg = Release|Any CPU
		{C5933379-DAFA-4B4B-B8D5-4F30A1994ACD}.Release|Any CPU.Build.0 = Release|Any CPU
		{BCF87DB1-D37B-43E7-A8EE-D506907FA3CE}.Debug|Any CPU.ActiveCfg = Debug|Any CPU
		{BCF87DB1-D37B-43E7-A8EE-D506907FA3CE}.Debug|Any CPU.Build.0 = Debug|Any CPU
		{BCF87DB1-D37B-43E7-A8EE-D506907FA3CE}.Release|Any CPU.ActiveCfg = Release|Any CPU
		{BCF87DB1-D37B-43E7-A8EE-D506907FA3CE}.Release|Any CPU.Build.0 = Release|Any CPU
	EndGlobalSection
	GlobalSection(SolutionProperties) = preSolution
		HideSolutionNode = FALSE
	EndGlobalSection
EndGlobal
